
Microsoft Visual Studio Solution File, Format Version 12.00
Project("{FAE04EC0-301F-11D3-BF4B-00C04F79EFBC}") = "Jester", "Jester.csproj", "{9D3FAE7C-B5E7-454E-BDD2-71A7C5F9CB5F}"
EndProject
Global
	GlobalSection(SolutionConfigurationPlatforms) = preSolution
		Debug|Any CPU = Debug|Any CPU
		ExportDebug|Any CPU = ExportDebug|Any CPU
		ExportRelease|Any CPU = ExportRelease|Any CPU
	EndGlobalSection
	GlobalSection(ProjectConfigurationPlatforms) = postSolution
		{9D3FAE7C-B5E7-454E-BDD2-71A7C5F9CB5F}.Debug|Any CPU.ActiveCfg = Debug|Any CPU
		{9D3FAE7C-B5E7-454E-BDD2-71A7C5F9CB5F}.Debug|Any CPU.Build.0 = Debug|Any CPU
		{9D3FAE7C-B5E7-454E-BDD2-71A7C5F9CB5F}.ExportDebug|Any CPU.ActiveCfg = ExportDebug|Any CPU
		{9D3FAE7C-B5E7-454E-BDD2-71A7C5F9CB5F}.ExportDebug|Any CPU.Build.0 = ExportDebug|Any CPU
		{9D3FAE7C-B5E7-454E-BDD2-71A7C5F9CB5F}.ExportRelease|Any CPU.ActiveCfg = ExportRelease|Any CPU
		{9D3FAE7C-B5E7-454E-BDD2-71A7C5F9CB5F}.ExportRelease|Any CPU.Build.0 = ExportRelease|Any CPU
	EndGlobalSection
EndGlobal
